
Microsoft Visual Studio Solution File, Format Version 12.00
# Visual Studio Version 17
VisualStudioVersion = 17.1.32407.343
MinimumVisualStudioVersion = 10.0.40219.1
Project("{FAE04EC0-301F-11D3-BF4B-00C04F79EFBC}") = "LabWork4", "LabWork4\LabWork4.csproj", "{004B7944-5414-4EB9-BF71-66054605A3C2}"
EndProject
Global
	GlobalSection(SolutionConfigurationPlatforms) = preSolution
		Debug|Any CPU = Debug|Any CPU
		Release|Any CPU = Release|Any CPU
	EndGlobalSection
	GlobalSection(ProjectConfigurationPlatforms) = postSolution
		{004B7944-5414-4EB9-BF71-66054605A3C2}.Debug|Any CPU.ActiveCfg = Debug|Any CPU
		{004B7944-5414-4EB9-BF71-66054605A3C2}.Debug|Any CPU.Build.0 = Debug|Any CPU
		{004B7944-5414-4EB9-BF71-66054605A3C2}.Release|Any CPU.ActiveCfg = Release|Any CPU
		{004B7944-5414-4EB9-BF71-66054605A3C2}.Release|Any CPU.Build.0 = Release|Any CPU
	EndGlobalSection
	GlobalSection(SolutionProperties) = preSolution
		HideSolutionNode = FALSE
	EndGlobalSection
	GlobalSection(ExtensibilityGlobals) = postSolution
		SolutionGuid = {B3C4E395-C569-4E79-A98E-4312894E3B9E}
	EndGlobalSection
EndGlobal
